// !$*UTF8*$!
{
	archiveVersion = 1;
	classes = {
	};
	objectVersion = 48;
	objects = {

/* Begin PBXBuildFile section */
		335B28891FBF24C400301ABB /* AppDelegate.swift in Sources */ = {isa = PBXBuildFile; fileRef = 335B28881FBF24C400301ABB /* AppDelegate.swift */; };
		335B288B1FBF24C400301ABB /* JokeController.swift in Sources */ = {isa = PBXBuildFile; fileRef = 335B288A1FBF24C400301ABB /* JokeController.swift */; };
		335B288E1FBF24C400301ABB /* Main.storyboard in Resources */ = {isa = PBXBuildFile; fileRef = 335B288C1FBF24C400301ABB /* Main.storyboard */; };
		335B28901FBF24C400301ABB /* Assets.xcassets in Resources */ = {isa = PBXBuildFile; fileRef = 335B288F1FBF24C400301ABB /* Assets.xcassets */; };
		335B28931FBF24C400301ABB /* LaunchScreen.storyboard in Resources */ = {isa = PBXBuildFile; fileRef = 335B28911FBF24C400301ABB /* LaunchScreen.storyboard */; };
		33C4E1D41FC2211700B0DF30 /* Joke.swift in Sources */ = {isa = PBXBuildFile; fileRef = 33C4E1D31FC2211700B0DF30 /* Joke.swift */; };
/* End PBXBuildFile section */

/* Begin PBXFileReference section */
		335B28851FBF24C400301ABB /* Switter.app */ = {isa = PBXFileReference; explicitFileType = wrapper.application; includeInIndex = 0; path = Switter.app; sourceTree = BUILT_PRODUCTS_DIR; };
		335B28881FBF24C400301ABB /* AppDelegate.swift */ = {isa = PBXFileReference; lastKnownFileType = sourcecode.swift; path = AppDelegate.swift; sourceTree = "<group>"; };
		335B288A1FBF24C400301ABB /* JokeController.swift */ = {isa = PBXFileReference; lastKnownFileType = sourcecode.swift; path = JokeController.swift; sourceTree = "<group>"; };
		335B288D1FBF24C400301ABB /* Base */ = {isa = PBXFileReference; lastKnownFileType = file.storyboard; name = Base; path = Base.lproj/Main.storyboard; sourceTree = "<group>"; };
		335B288F1FBF24C400301ABB /* Assets.xcassets */ = {isa = PBXFileReference; lastKnownFileType = folder.assetcatalog; path = Assets.xcassets; sourceTree = "<group>"; };
		335B28921FBF24C400301ABB /* Base */ = {isa = PBXFileReference; lastKnownFileType = file.storyboard; name = Base; path = Base.lproj/LaunchScreen.storyboard; sourceTree = "<group>"; };
		335B28941FBF24C400301ABB /* Info.plist */ = {isa = PBXFileReference; lastKnownFileType = text.plist.xml; path = Info.plist; sourceTree = "<group>"; };
		33C4E1D31FC2211700B0DF30 /* Joke.swift */ = {isa = PBXFileReference; lastKnownFileType = sourcecode.swift; path = Joke.swift; sourceTree = "<group>"; };
/* End PBXFileReference section */

/* Begin PBXFrameworksBuildPhase section */
		335B28821FBF24C400301ABB /* Frameworks */ = {
			isa = PBXFrameworksBuildPhase;
			buildActionMask = 2147483647;
			files = (
			);
			runOnlyForDeploymentPostprocessing = 0;
		};
/* End PBXFrameworksBuildPhase section */

/* Begin PBXGroup section */
		335B287C1FBF24C400301ABB = {
			isa = PBXGroup;
			children = (
				335B28871FBF24C400301ABB /* Switter */,
				335B28861FBF24C400301ABB /* Products */,
			);
			sourceTree = "<group>";
		};
		335B28861FBF24C400301ABB /* Products */ = {
			isa = PBXGroup;
			children = (
				335B28851FBF24C400301ABB /* Switter.app */,
			);
			name = Products;
			sourceTree = "<group>";
		};
		335B28871FBF24C400301ABB /* Switter */ = {
			isa = PBXGroup;
			children = (
				33C4E1D21FC21C2600B0DF30 /* Model */,
				33C4E1D11FC21C1600B0DF30 /* Controller */,
				335B28881FBF24C400301ABB /* AppDelegate.swift */,
				335B288C1FBF24C400301ABB /* Main.storyboard */,
				335B288F1FBF24C400301ABB /* Assets.xcassets */,
				335B28911FBF24C400301ABB /* LaunchScreen.storyboard */,
				335B28941FBF24C400301ABB /* Info.plist */,
			);
			path = Switter;
			sourceTree = "<group>";
		};
		33C4E1D11FC21C1600B0DF30 /* Controller */ = {
			isa = PBXGroup;
			children = (
				335B288A1FBF24C400301ABB /* JokeController.swift */,
			);
			path = Controller;
			sourceTree = "<group>";
		};
		33C4E1D21FC21C2600B0DF30 /* Model */ = {
			isa = PBXGroup;
			children = (
				33C4E1D31FC2211700B0DF30 /* Joke.swift */,
			);
			path = Model;
			sourceTree = "<group>";
		};
/* End PBXGroup section */

/* Begin PBXNativeTarget section */
		335B28841FBF24C400301ABB /* Switter */ = {
			isa = PBXNativeTarget;
			buildConfigurationList = 335B28971FBF24C400301ABB /* Build configuration list for PBXNativeTarget "Switter" */;
			buildPhases = (
				335B28811FBF24C400301ABB /* Sources */,
				335B28821FBF24C400301ABB /* Frameworks */,
				335B28831FBF24C400301ABB /* Resources */,
			);
			buildRules = (
			);
			dependencies = (
			);
			name = Switter;
			productName = Switter;
			productReference = 335B28851FBF24C400301ABB /* Switter.app */;
			productType = "com.apple.product-type.application";
		};
/* End PBXNativeTarget section */

/* Begin PBXProject section */
		335B287D1FBF24C400301ABB /* Project object */ = {
			isa = PBXProject;
			attributes = {
				LastSwiftUpdateCheck = 0900;
				LastUpgradeCheck = 0900;
				ORGANIZATIONNAME = "Karolina Beata Natalia Guzewska";
				TargetAttributes = {
					335B28841FBF24C400301ABB = {
						CreatedOnToolsVersion = 9.0;
						ProvisioningStyle = Automatic;
					};
				};
			};
			buildConfigurationList = 335B28801FBF24C400301ABB /* Build configuration list for PBXProject "Switter" */;
			compatibilityVersion = "Xcode 8.0";
			developmentRegion = en;
			hasScannedForEncodings = 0;
			knownRegions = (
				en,
				Base,
			);
			mainGroup = 335B287C1FBF24C400301ABB;
			productRefGroup = 335B28861FBF24C400301ABB /* Products */;
			projectDirPath = "";
			projectRoot = "";
			targets = (
				335B28841FBF24C400301ABB /* Switter */,
			);
		};
/* End PBXProject section */

/* Begin PBXResourcesBuildPhase section */
		335B28831FBF24C400301ABB /* Resources */ = {
			isa = PBXResourcesBuildPhase;
			buildActionMask = 2147483647;
			files = (
				335B28931FBF24C400301ABB /* LaunchScreen.storyboard in Resources */,
				335B28901FBF24C400301ABB /* Assets.xcassets in Resources */,
				335B288E1FBF24C400301ABB /* Main.storyboard in Resources */,
			);
			runOnlyForDeploymentPostprocessing = 0;
		};
/* End PBXResourcesBuildPhase section */

/* Begin PBXSourcesBuildPhase section */
		335B28811FBF24C400301ABB /* Sources */ = {
			isa = PBXSourcesBuildPhase;
			buildActionMask = 2147483647;
			files = (
				335B288B1FBF24C400301ABB /* JokeController.swift in Sources */,
				335B28891FBF24C400301ABB /* AppDelegate.swift in Sources */,
				33C4E1D41FC2211700B0DF30 /* Joke.swift in Sources */,
			);
			runOnlyForDeploymentPostprocessing = 0;
		};
/* End PBXSourcesBuildPhase section */

/* Begin PBXVariantGroup section */
		335B288C1FBF24C400301ABB /* Main.storyboard */ = {
			isa = PBXVariantGroup;
			children = (
				335B288D1FBF24C400301ABB /* Base */,
			);
			name = Main.storyboard;
			sourceTree = "<group>";
		};
		335B28911FBF24C400301ABB /* LaunchScreen.storyboard */ = {
			isa = PBXVariantGroup;
			children = (
				335B28921FBF24C400301ABB /* Base */,
			);
			name = LaunchScreen.storyboard;
			sourceTree = "<group>";
		};
/* End PBXVariantGroup section */

/* Begin XCBuildConfiguration section */
		335B28951FBF24C400301ABB /* Debug */ = {
			isa = XCBuildConfiguration;
			buildSettings = {
				ALWAYS_SEARCH_USER_PATHS = NO;
				CLANG_ANALYZER_NONNULL = YES;
				CLANG_ANALYZER_NUMBER_OBJECT_CONVERSION = YES_AGGRESSIVE;
				CLANG_CXX_LANGUAGE_STANDARD = "gnu++14";
				CLANG_CXX_LIBRARY = "libc++";
				CLANG_ENABLE_MODULES = YES;
				CLANG_ENABLE_OBJC_ARC = YES;
				CLANG_WARN_BLOCK_CAPTURE_AUTORELEASING = YES;
				CLANG_WARN_BOOL_CONVERSION = YES;
				CLANG_WARN_COMMA = YES;
				CLANG_WARN_CONSTANT_CONVERSION = YES;
				CLANG_WARN_DIRECT_OBJC_ISA_USAGE = YES_ERROR;
				CLANG_WARN_DOCUMENTATION_COMMENTS = YES;
				CLANG_WARN_EMPTY_BODY = YES;
				CLANG_WARN_ENUM_CONVERSION = YES;
				CLANG_WARN_INFINITE_RECURSION = YES;
				CLANG_WARN_INT_CONVERSION = YES;
				CLANG_WARN_NON_LITERAL_NULL_CONVERSION = YES;
				CLANG_WARN_OBJC_LITERAL_CONVERSION = YES;
				CLANG_WARN_OBJC_ROOT_CLASS = YES_ERROR;
				CLANG_WARN_RANGE_LOOP_ANALYSIS = YES;
				CLANG_WARN_STRICT_PROTOTYPES = YES;
				CLANG_WARN_SUSPICIOUS_MOVE = YES;
				CLANG_WARN_UNGUARDED_AVAILABILITY = YES_AGGRESSIVE;
				CLANG_WARN_UNREACHABLE_CODE = YES;
				CLANG_WARN__DUPLICATE_METHOD_MATCH = YES;
				CODE_SIGN_IDENTITY = "iPhone Developer";
				COPY_PHASE_STRIP = NO;
				DEBUG_INFORMATION_FORMAT = dwarf;
				ENABLE_STRICT_OBJC_MSGSEND = YES;
				ENABLE_TESTABILITY = YES;
				GCC_C_LANGUAGE_STANDARD = gnu11;
				GCC_DYNAMIC_NO_PIC = NO;
				GCC_NO_COMMON_BLOCKS = YES;
				GCC_OPTIMIZATION_LEVEL = 0;
				GCC_PREPROCESSOR_DEFINITIONS = (
					"DEBUG=1",
					"$(inherited)",
				);
				GCC_WARN_64_TO_32_BIT_CONVERSION = YES;
				GCC_WARN_ABOUT_RETURN_TYPE = YES_ERROR;
				GCC_WARN_UNDECLARED_SELECTOR = YES;
				GCC_WARN_UNINITIALIZED_AUTOS = YES_AGGRESSIVE;
				GCC_WARN_UNUSED_FUNCTION = YES;
				GCC_WARN_UNUSED_VARIABLE = YES;
				IPHONEOS_DEPLOYMENT_TARGET = 11.0;
				MTL_ENABLE_DEBUG_INFO = YES;
				ONLY_ACTIVE_ARCH = YES;
				SDKROOT = iphoneos;
				SWIFT_ACTIVE_COMPILATION_CONDITIONS = DEBUG;
				SWIFT_OPTIMIZATION_LEVEL = "-Onone";
			};
			name = Debug;
		};
		335B28961FBF24C400301ABB /* Release */ = {
			isa = XCBuildConfiguration;
			buildSettings = {
				ALWAYS_SEARCH_USER_PATHS = NO;
				CLANG_ANALYZER_NONNULL = YES;
				CLANG_ANALYZER_NUMBER_OBJECT_CONVERSION = YES_AGGRESSIVE;
				CLANG_CXX_LANGUAGE_STANDARD = "gnu++14";
				CLANG_CXX_LIBRARY = "libc++";
				CLANG_ENABLE_MODULES = YES;
				CLANG_ENABLE_OBJC_ARC = YES;
				CLANG_WARN_BLOCK_CAPTURE_AUTORELEASING = YES;
				CLANG_WARN_BOOL_CONVERSION = YES;
				CLANG_WARN_COMMA = YES;
				CLANG_WARN_CONSTANT_CONVERSION = YES;
				CLANG_WARN_DIRECT_OBJC_ISA_USAGE = YES_ERROR;
				CLANG_WARN_DOCUMENTATION_COMMENTS = YES;
				CLANG_WARN_EMPTY_BODY = YES;
				CLANG_WARN_ENUM_CONVERSION = YES;
				CLANG_WARN_INFINITE_RECURSION = YES;
				CLANG_WARN_INT_CONVERSION = YES;
				CLANG_WARN_NON_LITERAL_NULL_CONVERSION = YES;
				CLANG_WARN_OBJC_LITERAL_CONVERSION = YES;
				CLANG_WARN_OBJC_ROOT_CLASS = YES_ERROR;
				CLANG_WARN_RANGE_LOOP_ANALYSIS = YES;
				CLANG_WARN_STRICT_PROTOTYPES = YES;
				CLANG_WARN_SUSPICIOUS_MOVE = YES;
				CLANG_WARN_UNGUARDED_AVAILABILITY = YES_AGGRESSIVE;
				CLANG_WARN_UNREACHABLE_CODE = YES;
				CLANG_WARN__DUPLICATE_METHOD_MATCH = YES;
				CODE_SIGN_IDENTITY = "iPhone Developer";
				COPY_PHASE_STRIP = NO;
				DEBUG_INFORMATION_FORMAT = "dwarf-with-dsym";
				ENABLE_NS_ASSERTIONS = NO;
				ENABLE_STRICT_OBJC_MSGSEND = YES;
				GCC_C_LANGUAGE_STANDARD = gnu11;
				GCC_NO_COMMON_BLOCKS = YES;
				GCC_WARN_64_TO_32_BIT_CONVERSION = YES;
				GCC_WARN_ABOUT_RETURN_TYPE = YES_ERROR;
				GCC_WARN_UNDECLARED_SELECTOR = YES;
				GCC_WARN_UNINITIALIZED_AUTOS = YES_AGGRESSIVE;
				GCC_WARN_UNUSED_FUNCTION = YES;
				GCC_WARN_UNUSED_VARIABLE = YES;
				IPHONEOS_DEPLOYMENT_TARGET = 11.0;
				MTL_ENABLE_DEBUG_INFO = NO;
				SDKROOT = iphoneos;
				SWIFT_OPTIMIZATION_LEVEL = "-Owholemodule";
				VALIDATE_PRODUCT = YES;
			};
			name = Release;
		};
		335B28981FBF24C400301ABB /* Debug */ = {
			isa = XCBuildConfiguration;
			buildSettings = {
				ASSETCATALOG_COMPILER_APPICON_NAME = AppIcon;
				CODE_SIGN_STYLE = Automatic;
				INFOPLIST_FILE = Switter/Info.plist;
				LD_RUNPATH_SEARCH_PATHS = "$(inherited) @executable_path/Frameworks";
				PRODUCT_BUNDLE_IDENTIFIER = pl.karolina.Switter;
				PRODUCT_NAME = "$(TARGET_NAME)";
				SWIFT_VERSION = 4.0;
				TARGETED_DEVICE_FAMILY = "1,2";
			};
			name = Debug;
		};
		335B28991FBF24C400301ABB /* Release */ = {
			isa = XCBuildConfiguration;
			buildSettings = {
				ASSETCATALOG_COMPILER_APPICON_NAME = AppIcon;
				CODE_SIGN_STYLE = Automatic;
				INFOPLIST_FILE = Switter/Info.plist;
				LD_RUNPATH_SEARCH_PATHS = "$(inherited) @executable_path/Frameworks";
				PRODUCT_BUNDLE_IDENTIFIER = pl.karolina.Switter;
				PRODUCT_NAME = "$(TARGET_NAME)";
				SWIFT_VERSION = 4.0;
				TARGETED_DEVICE_FAMILY = "1,2";
			};
			name = Release;
		};
/* End XCBuildConfiguration section */

/* Begin XCConfigurationList section */
		335B28801FBF24C400301ABB /* Build configuration list for PBXProject "Switter" */ = {
			isa = XCConfigurationList;
			buildConfigurations = (
				335B28951FBF24C400301ABB /* Debug */,
				335B28961FBF24C400301ABB /* Release */,
			);
			defaultConfigurationIsVisible = 0;
			defaultConfigurationName = Release;
		};
		335B28971FBF24C400301ABB /* Build configuration list for PBXNativeTarget "Switter" */ = {
			isa = XCConfigurationList;
			buildConfigurations = (
				335B28981FBF24C400301ABB /* Debug */,
				335B28991FBF24C400301ABB /* Release */,
			);
			defaultConfigurationIsVisible = 0;
			defaultConfigurationName = Release;
		};
/* End XCConfigurationList section */
	};
	rootObject = 335B287D1FBF24C400301ABB /* Project object */;
}
